// !$*UTF8*$!
{
	archiveVersion = 1;
	classes = {
	};
	objectVersion = 50;
	objects = {

/* Begin PBXBuildFile section */
		A5AC06CF25D7830900504FEE /* SimpleApp.swift in Sources */ = {isa = PBXBuildFile; fileRef = A5AC06CE25D7830900504FEE /* SimpleApp.swift */; };
		A5AC06D325D7830A00504FEE /* Assets.xcassets in Resources */ = {isa = PBXBuildFile; fileRef = A5AC06D225D7830A00504FEE /* Assets.xcassets */; };
		A5AC06D625D7830A00504FEE /* Preview Assets.xcassets in Resources */ = {isa = PBXBuildFile; fileRef = A5AC06D525D7830A00504FEE /* Preview Assets.xcassets */; };
		A5AC06D825D7830A00504FEE /* Persistence.swift in Sources */ = {isa = PBXBuildFile; fileRef = A5AC06D725D7830A00504FEE /* Persistence.swift */; };
		A5AC06DB25D7830A00504FEE /* Simple.xcdatamodeld in Sources */ = {isa = PBXBuildFile; fileRef = A5AC06D925D7830A00504FEE /* Simple.xcdatamodeld */; };
		A5AC06E625D7830A00504FEE /* SimpleTests.swift in Sources */ = {isa = PBXBuildFile; fileRef = A5AC06E525D7830A00504FEE /* SimpleTests.swift */; };
		A5AC06F125D7830A00504FEE /* SimpleUITests.swift in Sources */ = {isa = PBXBuildFile; fileRef = A5AC06F025D7830A00504FEE /* SimpleUITests.swift */; };
		A5AC071925D7865E00504FEE /* TasksOverviewPresenter.swift in Sources */ = {isa = PBXBuildFile; fileRef = A5AC071325D7865E00504FEE /* TasksOverviewPresenter.swift */; };
		A5AC071A25D7865E00504FEE /* TasksOverviewModels.swift in Sources */ = {isa = PBXBuildFile; fileRef = A5AC071425D7865E00504FEE /* TasksOverviewModels.swift */; };
		A5AC071B25D7865E00504FEE /* TasksOverviewScene.swift in Sources */ = {isa = PBXBuildFile; fileRef = A5AC071525D7865E00504FEE /* TasksOverviewScene.swift */; };
		A5AC071C25D7865E00504FEE /* TasksOverviewInteractor.swift in Sources */ = {isa = PBXBuildFile; fileRef = A5AC071625D7865E00504FEE /* TasksOverviewInteractor.swift */; };
		A5AC071D25D7865E00504FEE /* TasksOverviewView.swift in Sources */ = {isa = PBXBuildFile; fileRef = A5AC071725D7865E00504FEE /* TasksOverviewView.swift */; };
		A5AC071E25D7865E00504FEE /* TasksOverviewService.swift in Sources */ = {isa = PBXBuildFile; fileRef = A5AC071825D7865E00504FEE /* TasksOverviewService.swift */; };
		A5AC072625D7868900504FEE /* TasksOverviewInteractorTests.swift in Sources */ = {isa = PBXBuildFile; fileRef = A5AC072225D7868900504FEE /* TasksOverviewInteractorTests.swift */; };
		A5AC072725D7868900504FEE /* TasksOverviewViewTests.swift in Sources */ = {isa = PBXBuildFile; fileRef = A5AC072325D7868900504FEE /* TasksOverviewViewTests.swift */; };
		A5AC072825D7868900504FEE /* TasksOverviewPresenterTests.swift in Sources */ = {isa = PBXBuildFile; fileRef = A5AC072425D7868900504FEE /* TasksOverviewPresenterTests.swift */; };
		A5AC072925D7868900504FEE /* TasksOverviewServiceTests.swift in Sources */ = {isa = PBXBuildFile; fileRef = A5AC072525D7868900504FEE /* TasksOverviewServiceTests.swift */; };
/* End PBXBuildFile section */

/* Begin PBXContainerItemProxy section */
		A5AC06E225D7830A00504FEE /* PBXContainerItemProxy */ = {
			isa = PBXContainerItemProxy;
			containerPortal = A5AC06C325D7830900504FEE /* Project object */;
			proxyType = 1;
			remoteGlobalIDString = A5AC06CA25D7830900504FEE;
			remoteInfo = Simple;
		};
		A5AC06ED25D7830A00504FEE /* PBXContainerItemProxy */ = {
			isa = PBXContainerItemProxy;
			containerPortal = A5AC06C325D7830900504FEE /* Project object */;
			proxyType = 1;
			remoteGlobalIDString = A5AC06CA25D7830900504FEE;
			remoteInfo = Simple;
		};
/* End PBXContainerItemProxy section */

/* Begin PBXFileReference section */
		A5AC06CB25D7830900504FEE /* Simple.app */ = {isa = PBXFileReference; explicitFileType = wrapper.application; includeInIndex = 0; path = Simple.app; sourceTree = BUILT_PRODUCTS_DIR; };
		A5AC06CE25D7830900504FEE /* SimpleApp.swift */ = {isa = PBXFileReference; lastKnownFileType = sourcecode.swift; path = SimpleApp.swift; sourceTree = "<group>"; };
		A5AC06D225D7830A00504FEE /* Assets.xcassets */ = {isa = PBXFileReference; lastKnownFileType = folder.assetcatalog; path = Assets.xcassets; sourceTree = "<group>"; };
		A5AC06D525D7830A00504FEE /* Preview Assets.xcassets */ = {isa = PBXFileReference; lastKnownFileType = folder.assetcatalog; path = "Preview Assets.xcassets"; sourceTree = "<group>"; };
		A5AC06D725D7830A00504FEE /* Persistence.swift */ = {isa = PBXFileReference; lastKnownFileType = sourcecode.swift; path = Persistence.swift; sourceTree = "<group>"; };
		A5AC06DA25D7830A00504FEE /* Simple.xcdatamodel */ = {isa = PBXFileReference; lastKnownFileType = wrapper.xcdatamodel; path = Simple.xcdatamodel; sourceTree = "<group>"; };
		A5AC06DC25D7830A00504FEE /* Info.plist */ = {isa = PBXFileReference; lastKnownFileType = text.plist.xml; path = Info.plist; sourceTree = "<group>"; };
		A5AC06E125D7830A00504FEE /* SimpleTests.xctest */ = {isa = PBXFileReference; explicitFileType = wrapper.cfbundle; includeInIndex = 0; path = SimpleTests.xctest; sourceTree = BUILT_PRODUCTS_DIR; };
		A5AC06E525D7830A00504FEE /* SimpleTests.swift */ = {isa = PBXFileReference; lastKnownFileType = sourcecode.swift; path = SimpleTests.swift; sourceTree = "<group>"; };
		A5AC06E725D7830A00504FEE /* Info.plist */ = {isa = PBXFileReference; lastKnownFileType = text.plist.xml; path = Info.plist; sourceTree = "<group>"; };
		A5AC06EC25D7830A00504FEE /* SimpleUITests.xctest */ = {isa = PBXFileReference; explicitFileType = wrapper.cfbundle; includeInIndex = 0; path = SimpleUITests.xctest; sourceTree = BUILT_PRODUCTS_DIR; };
		A5AC06F025D7830A00504FEE /* SimpleUITests.swift */ = {isa = PBXFileReference; lastKnownFileType = sourcecode.swift; path = SimpleUITests.swift; sourceTree = "<group>"; };
		A5AC06F225D7830A00504FEE /* Info.plist */ = {isa = PBXFileReference; lastKnownFileType = text.plist.xml; path = Info.plist; sourceTree = "<group>"; };
		A5AC071325D7865E00504FEE /* TasksOverviewPresenter.swift */ = {isa = PBXFileReference; lastKnownFileType = sourcecode.swift; path = TasksOverviewPresenter.swift; sourceTree = "<group>"; };
		A5AC071425D7865E00504FEE /* TasksOverviewModels.swift */ = {isa = PBXFileReference; lastKnownFileType = sourcecode.swift; path = TasksOverviewModels.swift; sourceTree = "<group>"; };
		A5AC071525D7865E00504FEE /* TasksOverviewScene.swift */ = {isa = PBXFileReference; lastKnownFileType = sourcecode.swift; path = TasksOverviewScene.swift; sourceTree = "<group>"; };
		A5AC071625D7865E00504FEE /* TasksOverviewInteractor.swift */ = {isa = PBXFileReference; lastKnownFileType = sourcecode.swift; path = TasksOverviewInteractor.swift; sourceTree = "<group>"; };
		A5AC071725D7865E00504FEE /* TasksOverviewView.swift */ = {isa = PBXFileReference; lastKnownFileType = sourcecode.swift; path = TasksOverviewView.swift; sourceTree = "<group>"; };
		A5AC071825D7865E00504FEE /* TasksOverviewService.swift */ = {isa = PBXFileReference; lastKnownFileType = sourcecode.swift; path = TasksOverviewService.swift; sourceTree = "<group>"; };
		A5AC072225D7868900504FEE /* TasksOverviewInteractorTests.swift */ = {isa = PBXFileReference; lastKnownFileType = sourcecode.swift; path = TasksOverviewInteractorTests.swift; sourceTree = "<group>"; };
		A5AC072325D7868900504FEE /* TasksOverviewViewTests.swift */ = {isa = PBXFileReference; lastKnownFileType = sourcecode.swift; path = TasksOverviewViewTests.swift; sourceTree = "<group>"; };
		A5AC072425D7868900504FEE /* TasksOverviewPresenterTests.swift */ = {isa = PBXFileReference; lastKnownFileType = sourcecode.swift; path = TasksOverviewPresenterTests.swift; sourceTree = "<group>"; };
		A5AC072525D7868900504FEE /* TasksOverviewServiceTests.swift */ = {isa = PBXFileReference; lastKnownFileType = sourcecode.swift; path = TasksOverviewServiceTests.swift; sourceTree = "<group>"; };
/* End PBXFileReference section */

/* Begin PBXFrameworksBuildPhase section */
		A5AC06C825D7830900504FEE /* Frameworks */ = {
			isa = PBXFrameworksBuildPhase;
			buildActionMask = 2147483647;
			files = (
			);
			runOnlyForDeploymentPostprocessing = 0;
		};
		A5AC06DE25D7830A00504FEE /* Frameworks */ = {
			isa = PBXFrameworksBuildPhase;
			buildActionMask = 2147483647;
			files = (
			);
			runOnlyForDeploymentPostprocessing = 0;
		};
		A5AC06E925D7830A00504FEE /* Frameworks */ = {
			isa = PBXFrameworksBuildPhase;
			buildActionMask = 2147483647;
			files = (
			);
			runOnlyForDeploymentPostprocessing = 0;
		};
/* End PBXFrameworksBuildPhase section */

/* Begin PBXGroup section */
		A56E0C1F25D854E100247227 /* TasksOverview */ = {
			isa = PBXGroup;
			children = (
				A5AC071625D7865E00504FEE /* TasksOverviewInteractor.swift */,
				A5AC072225D7868900504FEE /* TasksOverviewInteractorTests.swift */,
				A5AC071425D7865E00504FEE /* TasksOverviewModels.swift */,
				A5AC071325D7865E00504FEE /* TasksOverviewPresenter.swift */,
				A5AC072425D7868900504FEE /* TasksOverviewPresenterTests.swift */,
				A5AC071525D7865E00504FEE /* TasksOverviewScene.swift */,
				A5AC071825D7865E00504FEE /* TasksOverviewService.swift */,
				A5AC072525D7868900504FEE /* TasksOverviewServiceTests.swift */,
				A5AC071725D7865E00504FEE /* TasksOverviewView.swift */,
				A5AC072325D7868900504FEE /* TasksOverviewViewTests.swift */,
			);
			path = TasksOverview;
			sourceTree = "<group>";
		};
		A5AC06C225D7830900504FEE = {
			isa = PBXGroup;
			children = (
				A5AC06CD25D7830900504FEE /* Simple */,
				A5AC06E425D7830A00504FEE /* SimpleTests */,
				A5AC06EF25D7830A00504FEE /* SimpleUITests */,
				A5AC06CC25D7830900504FEE /* Products */,
			);
			sourceTree = "<group>";
		};
		A5AC06CC25D7830900504FEE /* Products */ = {
			isa = PBXGroup;
			children = (
				A5AC06CB25D7830900504FEE /* Simple.app */,
				A5AC06E125D7830A00504FEE /* SimpleTests.xctest */,
				A5AC06EC25D7830A00504FEE /* SimpleUITests.xctest */,
			);
			name = Products;
			sourceTree = "<group>";
		};
		A5AC06CD25D7830900504FEE /* Simple */ = {
			isa = PBXGroup;
			children = (
				A5AC070725D7856F00504FEE /* Presentation */,
				A5AC070925D7857C00504FEE /* Application */,
				A5AC070825D7857800504FEE /* Domain */,
				A5AC06D425D7830A00504FEE /* Preview Content */,
			);
			path = Simple;
			sourceTree = "<group>";
		};
		A5AC06D425D7830A00504FEE /* Preview Content */ = {
			isa = PBXGroup;
			children = (
				A5AC06D525D7830A00504FEE /* Preview Assets.xcassets */,
			);
			path = "Preview Content";
			sourceTree = "<group>";
		};
		A5AC06E425D7830A00504FEE /* SimpleTests */ = {
			isa = PBXGroup;
			children = (
				A5AC06E525D7830A00504FEE /* SimpleTests.swift */,
				A5AC06E725D7830A00504FEE /* Info.plist */,
			);
			path = SimpleTests;
			sourceTree = "<group>";
		};
		A5AC06EF25D7830A00504FEE /* SimpleUITests */ = {
			isa = PBXGroup;
			children = (
				A5AC06F025D7830A00504FEE /* SimpleUITests.swift */,
				A5AC06F225D7830A00504FEE /* Info.plist */,
			);
			path = SimpleUITests;
			sourceTree = "<group>";
		};
		A5AC070725D7856F00504FEE /* Presentation */ = {
			isa = PBXGroup;
			children = (
				A5AC070D25D785E600504FEE /* Scenes */,
			);
			path = Presentation;
			sourceTree = "<group>";
		};
		A5AC070825D7857800504FEE /* Domain */ = {
			isa = PBXGroup;
			children = (
			);
			path = Domain;
			sourceTree = "<group>";
		};
		A5AC070925D7857C00504FEE /* Application */ = {
			isa = PBXGroup;
			children = (
				A5AC070F25D785F900504FEE /* Persistence */,
				A5AC070E25D785F500504FEE /* Main */,
			);
			path = Application;
			sourceTree = "<group>";
		};
		A5AC070D25D785E600504FEE /* Scenes */ = {
			isa = PBXGroup;
			children = (
				A56E0C1F25D854E100247227 /* TasksOverview */,
			);
			path = Scenes;
			sourceTree = "<group>";
		};
		A5AC070E25D785F500504FEE /* Main */ = {
			isa = PBXGroup;
			children = (
				A5AC06CE25D7830900504FEE /* SimpleApp.swift */,
				A5AC06D225D7830A00504FEE /* Assets.xcassets */,
				A5AC06DC25D7830A00504FEE /* Info.plist */,
			);
			path = Main;
			sourceTree = "<group>";
		};
		A5AC070F25D785F900504FEE /* Persistence */ = {
			isa = PBXGroup;
			children = (
				A5AC06D725D7830A00504FEE /* Persistence.swift */,
				A5AC06D925D7830A00504FEE /* Simple.xcdatamodeld */,
			);
			path = Persistence;
			sourceTree = "<group>";
		};
/* End PBXGroup section */

/* Begin PBXNativeTarget section */
		A5AC06CA25D7830900504FEE /* Simple */ = {
			isa = PBXNativeTarget;
			buildConfigurationList = A5AC06F525D7830A00504FEE /* Build configuration list for PBXNativeTarget "Simple" */;
			buildPhases = (
				A5AC06C725D7830900504FEE /* Sources */,
				A5AC06C825D7830900504FEE /* Frameworks */,
				A5AC06C925D7830900504FEE /* Resources */,
			);
			buildRules = (
			);
			dependencies = (
			);
			name = Simple;
			productName = Simple;
			productReference = A5AC06CB25D7830900504FEE /* Simple.app */;
			productType = "com.apple.product-type.application";
		};
		A5AC06E025D7830A00504FEE /* SimpleTests */ = {
			isa = PBXNativeTarget;
			buildConfigurationList = A5AC06F825D7830A00504FEE /* Build configuration list for PBXNativeTarget "SimpleTests" */;
			buildPhases = (
				A5AC06DD25D7830A00504FEE /* Sources */,
				A5AC06DE25D7830A00504FEE /* Frameworks */,
				A5AC06DF25D7830A00504FEE /* Resources */,
			);
			buildRules = (
			);
			dependencies = (
				A5AC06E325D7830A00504FEE /* PBXTargetDependency */,
			);
			name = SimpleTests;
			productName = SimpleTests;
			productReference = A5AC06E125D7830A00504FEE /* SimpleTests.xctest */;
			productType = "com.apple.product-type.bundle.unit-test";
		};
		A5AC06EB25D7830A00504FEE /* SimpleUITests */ = {
			isa = PBXNativeTarget;
			buildConfigurationList = A5AC06FB25D7830A00504FEE /* Build configuration list for PBXNativeTarget "SimpleUITests" */;
			buildPhases = (
				A5AC06E825D7830A00504FEE /* Sources */,
				A5AC06E925D7830A00504FEE /* Frameworks */,
				A5AC06EA25D7830A00504FEE /* Resources */,
			);
			buildRules = (
			);
			dependencies = (
				A5AC06EE25D7830A00504FEE /* PBXTargetDependency */,
			);
			name = SimpleUITests;
			productName = SimpleUITests;
			productReference = A5AC06EC25D7830A00504FEE /* SimpleUITests.xctest */;
			productType = "com.apple.product-type.bundle.ui-testing";
		};
/* End PBXNativeTarget section */

/* Begin PBXProject section */
		A5AC06C325D7830900504FEE /* Project object */ = {
			isa = PBXProject;
			attributes = {
				LastSwiftUpdateCheck = 1240;
				LastUpgradeCheck = 1240;
				TargetAttributes = {
					A5AC06CA25D7830900504FEE = {
						CreatedOnToolsVersion = 12.4;
					};
					A5AC06E025D7830A00504FEE = {
						CreatedOnToolsVersion = 12.4;
						TestTargetID = A5AC06CA25D7830900504FEE;
					};
					A5AC06EB25D7830A00504FEE = {
						CreatedOnToolsVersion = 12.4;
						TestTargetID = A5AC06CA25D7830900504FEE;
					};
				};
			};
			buildConfigurationList = A5AC06C625D7830900504FEE /* Build configuration list for PBXProject "Simple" */;
			compatibilityVersion = "Xcode 9.3";
			developmentRegion = en;
			hasScannedForEncodings = 0;
			knownRegions = (
				en,
				Base,
			);
			mainGroup = A5AC06C225D7830900504FEE;
			productRefGroup = A5AC06CC25D7830900504FEE /* Products */;
			projectDirPath = "";
			projectRoot = "";
			targets = (
				A5AC06CA25D7830900504FEE /* Simple */,
				A5AC06E025D7830A00504FEE /* SimpleTests */,
				A5AC06EB25D7830A00504FEE /* SimpleUITests */,
			);
		};
/* End PBXProject section */

/* Begin PBXResourcesBuildPhase section */
		A5AC06C925D7830900504FEE /* Resources */ = {
			isa = PBXResourcesBuildPhase;
			buildActionMask = 2147483647;
			files = (
				A5AC06D625D7830A00504FEE /* Preview Assets.xcassets in Resources */,
				A5AC06D325D7830A00504FEE /* Assets.xcassets in Resources */,
			);
			runOnlyForDeploymentPostprocessing = 0;
		};
		A5AC06DF25D7830A00504FEE /* Resources */ = {
			isa = PBXResourcesBuildPhase;
			buildActionMask = 2147483647;
			files = (
			);
			runOnlyForDeploymentPostprocessing = 0;
		};
		A5AC06EA25D7830A00504FEE /* Resources */ = {
			isa = PBXResourcesBuildPhase;
			buildActionMask = 2147483647;
			files = (
			);
			runOnlyForDeploymentPostprocessing = 0;
		};
/* End PBXResourcesBuildPhase section */

/* Begin PBXSourcesBuildPhase section */
		A5AC06C725D7830900504FEE /* Sources */ = {
			isa = PBXSourcesBuildPhase;
			buildActionMask = 2147483647;
			files = (
				A5AC071925D7865E00504FEE /* TasksOverviewPresenter.swift in Sources */,
				A5AC071E25D7865E00504FEE /* TasksOverviewService.swift in Sources */,
				A5AC071A25D7865E00504FEE /* TasksOverviewModels.swift in Sources */,
				A5AC06D825D7830A00504FEE /* Persistence.swift in Sources */,
				A5AC06DB25D7830A00504FEE /* Simple.xcdatamodeld in Sources */,
				A5AC071B25D7865E00504FEE /* TasksOverviewScene.swift in Sources */,
				A5AC071C25D7865E00504FEE /* TasksOverviewInteractor.swift in Sources */,
				A5AC071D25D7865E00504FEE /* TasksOverviewView.swift in Sources */,
				A5AC06CF25D7830900504FEE /* SimpleApp.swift in Sources */,
			);
			runOnlyForDeploymentPostprocessing = 0;
		};
		A5AC06DD25D7830A00504FEE /* Sources */ = {
			isa = PBXSourcesBuildPhase;
			buildActionMask = 2147483647;
			files = (
				A5AC072825D7868900504FEE /* TasksOverviewPresenterTests.swift in Sources */,
				A5AC072625D7868900504FEE /* TasksOverviewInteractorTests.swift in Sources */,
				A5AC072925D7868900504FEE /* TasksOverviewServiceTests.swift in Sources */,
				A5AC072725D7868900504FEE /* TasksOverviewViewTests.swift in Sources */,
				A5AC06E625D7830A00504FEE /* SimpleTests.swift in Sources */,
			);
			runOnlyForDeploymentPostprocessing = 0;
		};
		A5AC06E825D7830A00504FEE /* Sources */ = {
			isa = PBXSourcesBuildPhase;
			buildActionMask = 2147483647;
			files = (
				A5AC06F125D7830A00504FEE /* SimpleUITests.swift in Sources */,
			);
			runOnlyForDeploymentPostprocessing = 0;
		};
/* End PBXSourcesBuildPhase section */

/* Begin PBXTargetDependency section */
		A5AC06E325D7830A00504FEE /* PBXTargetDependency */ = {
			isa = PBXTargetDependency;
			target = A5AC06CA25D7830900504FEE /* Simple */;
			targetProxy = A5AC06E225D7830A00504FEE /* PBXContainerItemProxy */;
		};
		A5AC06EE25D7830A00504FEE /* PBXTargetDependency */ = {
			isa = PBXTargetDependency;
			target = A5AC06CA25D7830900504FEE /* Simple */;
			targetProxy = A5AC06ED25D7830A00504FEE /* PBXContainerItemProxy */;
		};
/* End PBXTargetDependency section */

/* Begin XCBuildConfiguration section */
		A5AC06F325D7830A00504FEE /* Debug */ = {
			isa = XCBuildConfiguration;
			buildSettings = {
				ALWAYS_SEARCH_USER_PATHS = NO;
				CLANG_ANALYZER_NONNULL = YES;
				CLANG_ANALYZER_NUMBER_OBJECT_CONVERSION = YES_AGGRESSIVE;
				CLANG_CXX_LANGUAGE_STANDARD = "gnu++14";
				CLANG_CXX_LIBRARY = "libc++";
				CLANG_ENABLE_MODULES = YES;
				CLANG_ENABLE_OBJC_ARC = YES;
				CLANG_ENABLE_OBJC_WEAK = YES;
				CLANG_WARN_BLOCK_CAPTURE_AUTORELEASING = YES;
				CLANG_WARN_BOOL_CONVERSION = YES;
				CLANG_WARN_COMMA = YES;
				CLANG_WARN_CONSTANT_CONVERSION = YES;
				CLANG_WARN_DEPRECATED_OBJC_IMPLEMENTATIONS = YES;
				CLANG_WARN_DIRECT_OBJC_ISA_USAGE = YES_ERROR;
				CLANG_WARN_DOCUMENTATION_COMMENTS = YES;
				CLANG_WARN_EMPTY_BODY = YES;
				CLANG_WARN_ENUM_CONVERSION = YES;
				CLANG_WARN_INFINITE_RECURSION = YES;
				CLANG_WARN_INT_CONVERSION = YES;
				CLANG_WARN_NON_LITERAL_NULL_CONVERSION = YES;
				CLANG_WARN_OBJC_IMPLICIT_RETAIN_SELF = YES;
				CLANG_WARN_OBJC_LITERAL_CONVERSION = YES;
				CLANG_WARN_OBJC_ROOT_CLASS = YES_ERROR;
				CLANG_WARN_QUOTED_INCLUDE_IN_FRAMEWORK_HEADER = YES;
				CLANG_WARN_RANGE_LOOP_ANALYSIS = YES;
				CLANG_WARN_STRICT_PROTOTYPES = YES;
				CLANG_WARN_SUSPICIOUS_MOVE = YES;
				CLANG_WARN_UNGUARDED_AVAILABILITY = YES_AGGRESSIVE;
				CLANG_WARN_UNREACHABLE_CODE = YES;
				CLANG_WARN__DUPLICATE_METHOD_MATCH = YES;
				COPY_PHASE_STRIP = NO;
				DEBUG_INFORMATION_FORMAT = dwarf;
				ENABLE_STRICT_OBJC_MSGSEND = YES;
				ENABLE_TESTABILITY = YES;
				GCC_C_LANGUAGE_STANDARD = gnu11;
				GCC_DYNAMIC_NO_PIC = NO;
				GCC_NO_COMMON_BLOCKS = YES;
				GCC_OPTIMIZATION_LEVEL = 0;
				GCC_PREPROCESSOR_DEFINITIONS = (
					"DEBUG=1",
					"$(inherited)",
				);
				GCC_WARN_64_TO_32_BIT_CONVERSION = YES;
				GCC_WARN_ABOUT_RETURN_TYPE = YES_ERROR;
				GCC_WARN_UNDECLARED_SELECTOR = YES;
				GCC_WARN_UNINITIALIZED_AUTOS = YES_AGGRESSIVE;
				GCC_WARN_UNUSED_FUNCTION = YES;
				GCC_WARN_UNUSED_VARIABLE = YES;
				IPHONEOS_DEPLOYMENT_TARGET = 14.4;
				MTL_ENABLE_DEBUG_INFO = INCLUDE_SOURCE;
				MTL_FAST_MATH = YES;
				ONLY_ACTIVE_ARCH = YES;
				SDKROOT = iphoneos;
				SWIFT_ACTIVE_COMPILATION_CONDITIONS = DEBUG;
				SWIFT_OPTIMIZATION_LEVEL = "-Onone";
			};
			name = Debug;
		};
		A5AC06F425D7830A00504FEE /* Release */ = {
			isa = XCBuildConfiguration;
			buildSettings = {
				ALWAYS_SEARCH_USER_PATHS = NO;
				CLANG_ANALYZER_NONNULL = YES;
				CLANG_ANALYZER_NUMBER_OBJECT_CONVERSION = YES_AGGRESSIVE;
				CLANG_CXX_LANGUAGE_STANDARD = "gnu++14";
				CLANG_CXX_LIBRARY = "libc++";
				CLANG_ENABLE_MODULES = YES;
				CLANG_ENABLE_OBJC_ARC = YES;
				CLANG_ENABLE_OBJC_WEAK = YES;
				CLANG_WARN_BLOCK_CAPTURE_AUTORELEASING = YES;
				CLANG_WARN_BOOL_CONVERSION = YES;
				CLANG_WARN_COMMA = YES;
				CLANG_WARN_CONSTANT_CONVERSION = YES;
				CLANG_WARN_DEPRECATED_OBJC_IMPLEMENTATIONS = YES;
				CLANG_WARN_DIRECT_OBJC_ISA_USAGE = YES_ERROR;
				CLANG_WARN_DOCUMENTATION_COMMENTS = YES;
				CLANG_WARN_EMPTY_BODY = YES;
				CLANG_WARN_ENUM_CONVERSION = YES;
				CLANG_WARN_INFINITE_RECURSION = YES;
				CLANG_WARN_INT_CONVERSION = YES;
				CLANG_WARN_NON_LITERAL_NULL_CONVERSION = YES;
				CLANG_WARN_OBJC_IMPLICIT_RETAIN_SELF = YES;
				CLANG_WARN_OBJC_LITERAL_CONVERSION = YES;
				CLANG_WARN_OBJC_ROOT_CLASS = YES_ERROR;
				CLANG_WARN_QUOTED_INCLUDE_IN_FRAMEWORK_HEADER = YES;
				CLANG_WARN_RANGE_LOOP_ANALYSIS = YES;
				CLANG_WARN_STRICT_PROTOTYPES = YES;
				CLANG_WARN_SUSPICIOUS_MOVE = YES;
				CLANG_WARN_UNGUARDED_AVAILABILITY = YES_AGGRESSIVE;
				CLANG_WARN_UNREACHABLE_CODE = YES;
				CLANG_WARN__DUPLICATE_METHOD_MATCH = YES;
				COPY_PHASE_STRIP = NO;
				DEBUG_INFORMATION_FORMAT = "dwarf-with-dsym";
				ENABLE_NS_ASSERTIONS = NO;
				ENABLE_STRICT_OBJC_MSGSEND = YES;
				GCC_C_LANGUAGE_STANDARD = gnu11;
				GCC_NO_COMMON_BLOCKS = YES;
				GCC_WARN_64_TO_32_BIT_CONVERSION = YES;
				GCC_WARN_ABOUT_RETURN_TYPE = YES_ERROR;
				GCC_WARN_UNDECLARED_SELECTOR = YES;
				GCC_WARN_UNINITIALIZED_AUTOS = YES_AGGRESSIVE;
				GCC_WARN_UNUSED_FUNCTION = YES;
				GCC_WARN_UNUSED_VARIABLE = YES;
				IPHONEOS_DEPLOYMENT_TARGET = 14.4;
				MTL_ENABLE_DEBUG_INFO = NO;
				MTL_FAST_MATH = YES;
				SDKROOT = iphoneos;
				SWIFT_COMPILATION_MODE = wholemodule;
				SWIFT_OPTIMIZATION_LEVEL = "-O";
				VALIDATE_PRODUCT = YES;
			};
			name = Release;
		};
		A5AC06F625D7830A00504FEE /* Debug */ = {
			isa = XCBuildConfiguration;
			buildSettings = {
				ASSETCATALOG_COMPILER_APPICON_NAME = AppIcon;
				ASSETCATALOG_COMPILER_GLOBAL_ACCENT_COLOR_NAME = AccentColor;
				CODE_SIGN_STYLE = Automatic;
				DEVELOPMENT_ASSET_PATHS = "\"Simple/Preview Content\"";
				DEVELOPMENT_TEAM = X7WM6K9T24;
				ENABLE_PREVIEWS = YES;
				INFOPLIST_FILE = Simple/Application/Main/Info.plist;
				IPHONEOS_DEPLOYMENT_TARGET = 14.0;
				LD_RUNPATH_SEARCH_PATHS = (
					"$(inherited)",
					"@executable_path/Frameworks",
				);
				PRODUCT_BUNDLE_IDENTIFIER = com.mikaelweiss.Simple;
				PRODUCT_NAME = "$(TARGET_NAME)";
				SWIFT_VERSION = 5.0;
				TARGETED_DEVICE_FAMILY = "1,2";
			};
			name = Debug;
		};
		A5AC06F725D7830A00504FEE /* Release */ = {
			isa = XCBuildConfiguration;
			buildSettings = {
				ASSETCATALOG_COMPILER_APPICON_NAME = AppIcon;
				ASSETCATALOG_COMPILER_GLOBAL_ACCENT_COLOR_NAME = AccentColor;
				CODE_SIGN_STYLE = Automatic;
				DEVELOPMENT_ASSET_PATHS = "\"Simple/Preview Content\"";
				DEVELOPMENT_TEAM = X7WM6K9T24;
				ENABLE_PREVIEWS = YES;
				INFOPLIST_FILE = Simple/Application/Main/Info.plist;
				IPHONEOS_DEPLOYMENT_TARGET = 14.0;
				LD_RUNPATH_SEARCH_PATHS = (
					"$(inherited)",
					"@executable_path/Frameworks",
				);
				PRODUCT_BUNDLE_IDENTIFIER = com.mikaelweiss.Simple;
				PRODUCT_NAME = "$(TARGET_NAME)";
				SWIFT_VERSION = 5.0;
				TARGETED_DEVICE_FAMILY = "1,2";
			};
			name = Release;
		};
		A5AC06F925D7830A00504FEE /* Debug */ = {
			isa = XCBuildConfiguration;
			buildSettings = {
				ALWAYS_EMBED_SWIFT_STANDARD_LIBRARIES = YES;
				BUNDLE_LOADER = "$(TEST_HOST)";
				CODE_SIGN_STYLE = Automatic;
				DEVELOPMENT_TEAM = X7WM6K9T24;
				INFOPLIST_FILE = SimpleTests/Info.plist;
				IPHONEOS_DEPLOYMENT_TARGET = 14.0;
				LD_RUNPATH_SEARCH_PATHS = (
					"$(inherited)",
					"@executable_path/Frameworks",
					"@loader_path/Frameworks",
				);
				PRODUCT_BUNDLE_IDENTIFIER = com.mikaelweiss.SimpleTests;
				PRODUCT_NAME = "$(TARGET_NAME)";
				SWIFT_VERSION = 5.0;
				TARGETED_DEVICE_FAMILY = "1,2";
				TEST_HOST = "$(BUILT_PRODUCTS_DIR)/Simple.app/Simple";
			};
			name = Debug;
		};
		A5AC06FA25D7830A00504FEE /* Release */ = {
			isa = XCBuildConfiguration;
			buildSettings = {
				ALWAYS_EMBED_SWIFT_STANDARD_LIBRARIES = YES;
				BUNDLE_LOADER = "$(TEST_HOST)";
				CODE_SIGN_STYLE = Automatic;
				DEVELOPMENT_TEAM = X7WM6K9T24;
				INFOPLIST_FILE = SimpleTests/Info.plist;
				IPHONEOS_DEPLOYMENT_TARGET = 14.0;
				LD_RUNPATH_SEARCH_PATHS = (
					"$(inherited)",
					"@executable_path/Frameworks",
					"@loader_path/Frameworks",
				);
				PRODUCT_BUNDLE_IDENTIFIER = com.mikaelweiss.SimpleTests;
				PRODUCT_NAME = "$(TARGET_NAME)";
				SWIFT_VERSION = 5.0;
				TARGETED_DEVICE_FAMILY = "1,2";
				TEST_HOST = "$(BUILT_PRODUCTS_DIR)/Simple.app/Simple";
			};
			name = Release;
		};
		A5AC06FC25D7830A00504FEE /* Debug */ = {
			isa = XCBuildConfiguration;
			buildSettings = {
				ALWAYS_EMBED_SWIFT_STANDARD_LIBRARIES = YES;
				CODE_SIGN_STYLE = Automatic;
				DEVELOPMENT_TEAM = X7WM6K9T24;
				INFOPLIST_FILE = SimpleUITests/Info.plist;
				LD_RUNPATH_SEARCH_PATHS = (
					"$(inherited)",
					"@executable_path/Frameworks",
					"@loader_path/Frameworks",
				);
				PRODUCT_BUNDLE_IDENTIFIER = com.mikaelweiss.SimpleUITests;
				PRODUCT_NAME = "$(TARGET_NAME)";
				SWIFT_VERSION = 5.0;
				TARGETED_DEVICE_FAMILY = "1,2";
				TEST_TARGET_NAME = Simple;
			};
			name = Debug;
		};
		A5AC06FD25D7830A00504FEE /* Release */ = {
			isa = XCBuildConfiguration;
			buildSettings = {
				ALWAYS_EMBED_SWIFT_STANDARD_LIBRARIES = YES;
				CODE_SIGN_STYLE = Automatic;
				DEVELOPMENT_TEAM = X7WM6K9T24;
				INFOPLIST_FILE = SimpleUITests/Info.plist;
				LD_RUNPATH_SEARCH_PATHS = (
					"$(inherited)",
					"@executable_path/Frameworks",
					"@loader_path/Frameworks",
				);
				PRODUCT_BUNDLE_IDENTIFIER = com.mikaelweiss.SimpleUITests;
				PRODUCT_NAME = "$(TARGET_NAME)";
				SWIFT_VERSION = 5.0;
				TARGETED_DEVICE_FAMILY = "1,2";
				TEST_TARGET_NAME = Simple;
			};
			name = Release;
		};
/* End XCBuildConfiguration section */

/* Begin XCConfigurationList section */
		A5AC06C625D7830900504FEE /* Build configuration list for PBXProject "Simple" */ = {
			isa = XCConfigurationList;
			buildConfigurations = (
				A5AC06F325D7830A00504FEE /* Debug */,
				A5AC06F425D7830A00504FEE /* Release */,
			);
			defaultConfigurationIsVisible = 0;
			defaultConfigurationName = Release;
		};
		A5AC06F525D7830A00504FEE /* Build configuration list for PBXNativeTarget "Simple" */ = {
			isa = XCConfigurationList;
			buildConfigurations = (
				A5AC06F625D7830A00504FEE /* Debug */,
				A5AC06F725D7830A00504FEE /* Release */,
			);
			defaultConfigurationIsVisible = 0;
			defaultConfigurationName = Release;
		};
		A5AC06F825D7830A00504FEE /* Build configuration list for PBXNativeTarget "SimpleTests" */ = {
			isa = XCConfigurationList;
			buildConfigurations = (
				A5AC06F925D7830A00504FEE /* Debug */,
				A5AC06FA25D7830A00504FEE /* Release */,
			);
			defaultConfigurationIsVisible = 0;
			defaultConfigurationName = Release;
		};
		A5AC06FB25D7830A00504FEE /* Build configuration list for PBXNativeTarget "SimpleUITests" */ = {
			isa = XCConfigurationList;
			buildConfigurations = (
				A5AC06FC25D7830A00504FEE /* Debug */,
				A5AC06FD25D7830A00504FEE /* Release */,
			);
			defaultConfigurationIsVisible = 0;
			defaultConfigurationName = Release;
		};
/* End XCConfigurationList section */

/* Begin XCVersionGroup section */
		A5AC06D925D7830A00504FEE /* Simple.xcdatamodeld */ = {
			isa = XCVersionGroup;
			children = (
				A5AC06DA25D7830A00504FEE /* Simple.xcdatamodel */,
			);
			currentVersion = A5AC06DA25D7830A00504FEE /* Simple.xcdatamodel */;
			path = Simple.xcdatamodeld;
			sourceTree = "<group>";
			versionGroupType = wrapper.xcdatamodel;
		};
/* End XCVersionGroup section */
	};
	rootObject = A5AC06C325D7830900504FEE /* Project object */;
}
